
Microsoft Visual Studio Solution File, Format Version 12.00
# Visual Studio Version 17
VisualStudioVersion = 17.0.32014.148
MinimumVisualStudioVersion = 10.0.40219.1
Project("{9A19103F-16F7-4668-BE54-9A1E7A4F7556}") = "LiteEngine", "LiteEngine\LiteEngine.csproj", "{FE479E48-4F34-42B7-A006-2A8D7DB6C22D}"
EndProject
Project("{9A19103F-16F7-4668-BE54-9A1E7A4F7556}") = "Game", "Game\Game.csproj", "{8B150D45-4260-45A7-BBEB-BB232814B4FD}"
EndProject
Project("{9A19103F-16F7-4668-BE54-9A1E7A4F7556}") = "WindowsLauncher", "WindowsLauncher\WindowsLauncher.csproj", "{0AB1C2FC-5756-4FED-96E0-76C7D2CC2390}"
EndProject
Project("{9A19103F-16F7-4668-BE54-9A1E7A4F7556}") = "AndroidLauncher", "AndroidLauncher\AndroidLauncher.csproj", "{C60AC22E-CC59-4F64-9DAF-F6AEC1458FFB}"
EndProject
Project("{2150E333-8FDC-42A3-9474-1A3956D46DE8}") = "Launcher", "Launcher", "{7D6C5B04-2A76-431C-A753-A1C25F1BBE97}"
EndProject
Project("{9A19103F-16F7-4668-BE54-9A1E7A4F7556}") = "Sdk", "Sdk\Sdk.csproj", "{71539A1C-12DF-4EBB-BAD9-9B2811479866}"
EndProject
Project("{2150E333-8FDC-42A3-9474-1A3956D46DE8}") = "Engine", "Engine", "{714F1CC0-0E48-41DE-9BCD-4EC2BAF44982}"
EndProject
Global
	GlobalSection(SolutionConfigurationPlatforms) = preSolution
		Debug|Any CPU = Debug|Any CPU
		Release|Any CPU = Release|Any CPU
	EndGlobalSection
	GlobalSection(ProjectConfigurationPlatforms) = postSolution
		{FE479E48-4F34-42B7-A006-2A8D7DB6C22D}.Debug|Any CPU.ActiveCfg = Debug|Any CPU
		{FE479E48-4F34-42B7-A006-2A8D7DB6C22D}.Debug|Any CPU.Build.0 = Debug|Any CPU
		{FE479E48-4F34-42B7-A006-2A8D7DB6C22D}.Release|Any CPU.ActiveCfg = Release|Any CPU
		{FE479E48-4F34-42B7-A006-2A8D7DB6C22D}.Release|Any CPU.Build.0 = Release|Any CPU
		{8B150D45-4260-45A7-BBEB-BB232814B4FD}.Debug|Any CPU.ActiveCfg = Debug|Any CPU
		{8B150D45-4260-45A7-BBEB-BB232814B4FD}.Debug|Any CPU.Build.0 = Debug|Any CPU
		{8B150D45-4260-45A7-BBEB-BB232814B4FD}.Release|Any CPU.ActiveCfg = Release|Any CPU
		{8B150D45-4260-45A7-BBEB-BB232814B4FD}.Release|Any CPU.Build.0 = Release|Any CPU
		{0AB1C2FC-5756-4FED-96E0-76C7D2CC2390}.Debug|Any CPU.ActiveCfg = Debug|Any CPU
		{0AB1C2FC-5756-4FED-96E0-76C7D2CC2390}.Debug|Any CPU.Build.0 = Debug|Any CPU
		{0AB1C2FC-5756-4FED-96E0-76C7D2CC2390}.Release|Any CPU.ActiveCfg = Release|Any CPU
		{0AB1C2FC-5756-4FED-96E0-76C7D2CC2390}.Release|Any CPU.Build.0 = Release|Any CPU
		{C60AC22E-CC59-4F64-9DAF-F6AEC1458FFB}.Debug|Any CPU.ActiveCfg = Debug|Any CPU
		{C60AC22E-CC59-4F64-9DAF-F6AEC1458FFB}.Debug|Any CPU.Build.0 = Debug|Any CPU
		{C60AC22E-CC59-4F64-9DAF-F6AEC1458FFB}.Debug|Any CPU.Deploy.0 = Debug|Any CPU
		{C60AC22E-CC59-4F64-9DAF-F6AEC1458FFB}.Release|Any CPU.ActiveCfg = Release|Any CPU
		{C60AC22E-CC59-4F64-9DAF-F6AEC1458FFB}.Release|Any CPU.Build.0 = Release|Any CPU
		{C60AC22E-CC59-4F64-9DAF-F6AEC1458FFB}.Release|Any CPU.Deploy.0 = Release|Any CPU
		{71539A1C-12DF-4EBB-BAD9-9B2811479866}.Debug|Any CPU.ActiveCfg = Debug|Any CPU
		{71539A1C-12DF-4EBB-BAD9-9B2811479866}.Debug|Any CPU.Build.0 = Debug|Any CPU
		{71539A1C-12DF-4EBB-BAD9-9B2811479866}.Release|Any CPU.ActiveCfg = Release|Any CPU
		{71539A1C-12DF-4EBB-BAD9-9B2811479866}.Release|Any CPU.Build.0 = Release|Any CPU
	EndGlobalSection
	GlobalSection(SolutionProperties) = preSolution
		HideSolutionNode = FALSE
	EndGlobalSection
	GlobalSection(NestedProjects) = preSolution
		{FE479E48-4F34-42B7-A006-2A8D7DB6C22D} = {714F1CC0-0E48-41DE-9BCD-4EC2BAF44982}
		{0AB1C2FC-5756-4FED-96E0-76C7D2CC2390} = {7D6C5B04-2A76-431C-A753-A1C25F1BBE97}
		{C60AC22E-CC59-4F64-9DAF-F6AEC1458FFB} = {7D6C5B04-2A76-431C-A753-A1C25F1BBE97}
		{71539A1C-12DF-4EBB-BAD9-9B2811479866} = {714F1CC0-0E48-41DE-9BCD-4EC2BAF44982}
	EndGlobalSection
	GlobalSection(ExtensibilityGlobals) = postSolution
		SolutionGuid = {17838147-22F9-4E7A-9DDE-612429E15B02}
	EndGlobalSection
EndGlobal
