
Microsoft Visual Studio Solution File, Format Version 12.00
# Visual Studio Version 17
VisualStudioVersion = 17.0.32014.148
MinimumVisualStudioVersion = 10.0.40219.1
Project("{FAE04EC0-301F-11D3-BF4B-00C04F79EFBC}") = "LiteEngine", "LiteEngine\LiteEngine.csproj", "{FE479E48-4F34-42B7-A006-2A8D7DB6C22D}"
EndProject
Global
	GlobalSection(SolutionConfigurationPlatforms) = preSolution
		Debug|Any CPU = Debug|Any CPU
		Release|Any CPU = Release|Any CPU
	EndGlobalSection
	GlobalSection(ProjectConfigurationPlatforms) = postSolution
		{FE479E48-4F34-42B7-A006-2A8D7DB6C22D}.Debug|Any CPU.ActiveCfg = Debug|Any CPU
		{FE479E48-4F34-42B7-A006-2A8D7DB6C22D}.Debug|Any CPU.Build.0 = Debug|Any CPU
		{FE479E48-4F34-42B7-A006-2A8D7DB6C22D}.Release|Any CPU.ActiveCfg = Release|Any CPU
		{FE479E48-4F34-42B7-A006-2A8D7DB6C22D}.Release|Any CPU.Build.0 = Release|Any CPU
	EndGlobalSection
	GlobalSection(SolutionProperties) = preSolution
		HideSolutionNode = FALSE
	EndGlobalSection
	GlobalSection(ExtensibilityGlobals) = postSolution
		SolutionGuid = {17838147-22F9-4E7A-9DDE-612429E15B02}
	EndGlobalSection
EndGlobal
