
Microsoft Visual Studio Solution File, Format Version 12.00
# Visual Studio Version 17
VisualStudioVersion = 17.4.33213.308
MinimumVisualStudioVersion = 10.0.40219.1
Project("{2150E333-8FDC-42A3-9474-1A3956D46DE8}") = "Launcher", "Launcher", "{FD509877-362E-449B-9B28-13F84D4CF713}"
EndProject
Project("{FAE04EC0-301F-11D3-BF4B-00C04F79EFBC}") = "Launcher.Desktop", "Source\Launcher\Launcher.Desktop\Launcher.Desktop.csproj", "{03A46A5A-5026-4A9F-BEF5-B700C1BEC8E5}"
EndProject
Project("{FAE04EC0-301F-11D3-BF4B-00C04F79EFBC}") = "Launcher.Console", "Source\Launcher\Launcher.Console\Launcher.Console.csproj", "{E176740F-631A-4B50-B8D7-34679CF50A57}"
EndProject
Project("{2150E333-8FDC-42A3-9474-1A3956D46DE8}") = "Platform", "Platform", "{435FD26B-C41A-44BE-85A2-72A1A5BD1410}"
EndProject
Project("{2150E333-8FDC-42A3-9474-1A3956D46DE8}") = "Engine", "Engine", "{350DF143-1DC2-42DE-A39E-725634242FCE}"
EndProject
Project("{9A19103F-16F7-4668-BE54-9A1E7A4F7556}") = "Engine", "Source\Engine\Engine\Engine.csproj", "{6C77D370-D00D-4BFB-AACE-E5363BA14BE9}"
EndProject
Project("{9A19103F-16F7-4668-BE54-9A1E7A4F7556}") = "Util", "Source\Engine\Util\Util.csproj", "{AC568E16-A47B-48C1-955C-8F9314599639}"
EndProject
Project("{FAE04EC0-301F-11D3-BF4B-00C04F79EFBC}") = "Importer", "Source\Engine\Importer\Importer.csproj", "{6AEA9981-17A7-4A13-82D8-7D2E36920825}"
EndProject
Project("{FAE04EC0-301F-11D3-BF4B-00C04F79EFBC}") = "Platform.Common", "Source\Platform\Platform.Common\Platform.Common.csproj", "{DB72AB2C-2CA6-4AB7-8DB1-1E4192BC4BA5}"
EndProject
Project("{9A19103F-16F7-4668-BE54-9A1E7A4F7556}") = "Platform.Desktop", "Source\Platform\Platform.Desktop\Platform.Desktop.csproj", "{22F99D93-B801-42FD-9024-A7C626ADD7CC}"
EndProject
Global
	GlobalSection(SolutionConfigurationPlatforms) = preSolution
		Debug|Any CPU = Debug|Any CPU
		Release|Any CPU = Release|Any CPU
	EndGlobalSection
	GlobalSection(ProjectConfigurationPlatforms) = postSolution
		{03A46A5A-5026-4A9F-BEF5-B700C1BEC8E5}.Debug|Any CPU.ActiveCfg = Debug|Any CPU
		{03A46A5A-5026-4A9F-BEF5-B700C1BEC8E5}.Debug|Any CPU.Build.0 = Debug|Any CPU
		{03A46A5A-5026-4A9F-BEF5-B700C1BEC8E5}.Release|Any CPU.ActiveCfg = Release|Any CPU
		{03A46A5A-5026-4A9F-BEF5-B700C1BEC8E5}.Release|Any CPU.Build.0 = Release|Any CPU
		{E176740F-631A-4B50-B8D7-34679CF50A57}.Debug|Any CPU.ActiveCfg = Debug|Any CPU
		{E176740F-631A-4B50-B8D7-34679CF50A57}.Debug|Any CPU.Build.0 = Debug|Any CPU
		{E176740F-631A-4B50-B8D7-34679CF50A57}.Release|Any CPU.ActiveCfg = Release|Any CPU
		{E176740F-631A-4B50-B8D7-34679CF50A57}.Release|Any CPU.Build.0 = Release|Any CPU
		{6C77D370-D00D-4BFB-AACE-E5363BA14BE9}.Debug|Any CPU.ActiveCfg = Debug|Any CPU
		{6C77D370-D00D-4BFB-AACE-E5363BA14BE9}.Debug|Any CPU.Build.0 = Debug|Any CPU
		{6C77D370-D00D-4BFB-AACE-E5363BA14BE9}.Release|Any CPU.ActiveCfg = Release|Any CPU
		{6C77D370-D00D-4BFB-AACE-E5363BA14BE9}.Release|Any CPU.Build.0 = Release|Any CPU
		{AC568E16-A47B-48C1-955C-8F9314599639}.Debug|Any CPU.ActiveCfg = Debug|Any CPU
		{AC568E16-A47B-48C1-955C-8F9314599639}.Debug|Any CPU.Build.0 = Debug|Any CPU
		{AC568E16-A47B-48C1-955C-8F9314599639}.Release|Any CPU.ActiveCfg = Release|Any CPU
		{AC568E16-A47B-48C1-955C-8F9314599639}.Release|Any CPU.Build.0 = Release|Any CPU
		{6AEA9981-17A7-4A13-82D8-7D2E36920825}.Debug|Any CPU.ActiveCfg = Debug|Any CPU
		{6AEA9981-17A7-4A13-82D8-7D2E36920825}.Debug|Any CPU.Build.0 = Debug|Any CPU
		{6AEA9981-17A7-4A13-82D8-7D2E36920825}.Release|Any CPU.ActiveCfg = Release|Any CPU
		{6AEA9981-17A7-4A13-82D8-7D2E36920825}.Release|Any CPU.Build.0 = Release|Any CPU
		{DB72AB2C-2CA6-4AB7-8DB1-1E4192BC4BA5}.Debug|Any CPU.ActiveCfg = Debug|Any CPU
		{DB72AB2C-2CA6-4AB7-8DB1-1E4192BC4BA5}.Debug|Any CPU.Build.0 = Debug|Any CPU
		{DB72AB2C-2CA6-4AB7-8DB1-1E4192BC4BA5}.Release|Any CPU.ActiveCfg = Release|Any CPU
		{DB72AB2C-2CA6-4AB7-8DB1-1E4192BC4BA5}.Release|Any CPU.Build.0 = Release|Any CPU
		{22F99D93-B801-42FD-9024-A7C626ADD7CC}.Debug|Any CPU.ActiveCfg = Debug|Any CPU
		{22F99D93-B801-42FD-9024-A7C626ADD7CC}.Debug|Any CPU.Build.0 = Debug|Any CPU
		{22F99D93-B801-42FD-9024-A7C626ADD7CC}.Release|Any CPU.ActiveCfg = Release|Any CPU
		{22F99D93-B801-42FD-9024-A7C626ADD7CC}.Release|Any CPU.Build.0 = Release|Any CPU
	EndGlobalSection
	GlobalSection(SolutionProperties) = preSolution
		HideSolutionNode = FALSE
	EndGlobalSection
	GlobalSection(NestedProjects) = preSolution
		{03A46A5A-5026-4A9F-BEF5-B700C1BEC8E5} = {FD509877-362E-449B-9B28-13F84D4CF713}
		{E176740F-631A-4B50-B8D7-34679CF50A57} = {FD509877-362E-449B-9B28-13F84D4CF713}
		{6C77D370-D00D-4BFB-AACE-E5363BA14BE9} = {350DF143-1DC2-42DE-A39E-725634242FCE}
		{AC568E16-A47B-48C1-955C-8F9314599639} = {350DF143-1DC2-42DE-A39E-725634242FCE}
		{6AEA9981-17A7-4A13-82D8-7D2E36920825} = {350DF143-1DC2-42DE-A39E-725634242FCE}
		{DB72AB2C-2CA6-4AB7-8DB1-1E4192BC4BA5} = {435FD26B-C41A-44BE-85A2-72A1A5BD1410}
		{22F99D93-B801-42FD-9024-A7C626ADD7CC} = {435FD26B-C41A-44BE-85A2-72A1A5BD1410}
	EndGlobalSection
	GlobalSection(ExtensibilityGlobals) = postSolution
		SolutionGuid = {42BDB398-B469-4DBF-BC12-6F17EE33C24C}
	EndGlobalSection
EndGlobal
