
Microsoft Visual Studio Solution File, Format Version 12.00
# Visual Studio Version 17
VisualStudioVersion = 17.4.33213.308
MinimumVisualStudioVersion = 10.0.40219.1
Project("{9A19103F-16F7-4668-BE54-9A1E7A4F7556}") = "Desktop", "Platform\Desktop\Desktop.csproj", "{22F99D93-B801-42FD-9024-A7C626ADD7CC}"
EndProject
Project("{2150E333-8FDC-42A3-9474-1A3956D46DE8}") = "Platform", "Platform", "{435FD26B-C41A-44BE-85A2-72A1A5BD1410}"
EndProject
Project("{2150E333-8FDC-42A3-9474-1A3956D46DE8}") = "Engine", "Engine", "{350DF143-1DC2-42DE-A39E-725634242FCE}"
EndProject
Project("{9A19103F-16F7-4668-BE54-9A1E7A4F7556}") = "Engine", "Engine\Engine\Engine.csproj", "{6C77D370-D00D-4BFB-AACE-E5363BA14BE9}"
EndProject
Project("{2150E333-8FDC-42A3-9474-1A3956D46DE8}") = "Game", "Game", "{030E3B4C-BD7A-4AB2-A7CA-5AE25AA11E54}"
EndProject
Project("{9A19103F-16F7-4668-BE54-9A1E7A4F7556}") = "SparkDemo", "Game\SparkDemo\SparkDemo.csproj", "{8BFB0F8C-C301-49F7-8EF1-26AD598E59CF}"
EndProject
Project("{9A19103F-16F7-4668-BE54-9A1E7A4F7556}") = "Util", "Engine\Util\Util.csproj", "{AC568E16-A47B-48C1-955C-8F9314599639}"
EndProject
Project("{9A19103F-16F7-4668-BE54-9A1E7A4F7556}") = "DedicatedServer", "Platform\DedicatedServer\DedicatedServer.csproj", "{AC7255D5-6A21-4B73-8F55-4FA5CA41019C}"
EndProject
Project("{2150E333-8FDC-42A3-9474-1A3956D46DE8}") = "Tool", "Tool", "{533D95FF-11C0-4D8E-A0F5-471554A56019}"
EndProject
Project("{9A19103F-16F7-4668-BE54-9A1E7A4F7556}") = "AssetImporter", "Tool\AssetImporter\AssetImporter.csproj", "{4E6A13B4-23C5-498C-91A1-A838CCCB9C1A}"
EndProject
Project("{FAE04EC0-301F-11D3-BF4B-00C04F79EFBC}") = "Android", "Platform\Android\Android.csproj", "{A2F9C097-F992-4C49-8248-E75863A89B4C}"
EndProject
Global
	GlobalSection(SolutionConfigurationPlatforms) = preSolution
		Debug|Any CPU = Debug|Any CPU
		Release|Any CPU = Release|Any CPU
	EndGlobalSection
	GlobalSection(ProjectConfigurationPlatforms) = postSolution
		{22F99D93-B801-42FD-9024-A7C626ADD7CC}.Debug|Any CPU.ActiveCfg = Debug|Any CPU
		{22F99D93-B801-42FD-9024-A7C626ADD7CC}.Debug|Any CPU.Build.0 = Debug|Any CPU
		{22F99D93-B801-42FD-9024-A7C626ADD7CC}.Release|Any CPU.ActiveCfg = Release|Any CPU
		{22F99D93-B801-42FD-9024-A7C626ADD7CC}.Release|Any CPU.Build.0 = Release|Any CPU
		{6C77D370-D00D-4BFB-AACE-E5363BA14BE9}.Debug|Any CPU.ActiveCfg = Debug|Any CPU
		{6C77D370-D00D-4BFB-AACE-E5363BA14BE9}.Debug|Any CPU.Build.0 = Debug|Any CPU
		{6C77D370-D00D-4BFB-AACE-E5363BA14BE9}.Release|Any CPU.ActiveCfg = Release|Any CPU
		{6C77D370-D00D-4BFB-AACE-E5363BA14BE9}.Release|Any CPU.Build.0 = Release|Any CPU
		{8BFB0F8C-C301-49F7-8EF1-26AD598E59CF}.Debug|Any CPU.ActiveCfg = Debug|Any CPU
		{8BFB0F8C-C301-49F7-8EF1-26AD598E59CF}.Debug|Any CPU.Build.0 = Debug|Any CPU
		{8BFB0F8C-C301-49F7-8EF1-26AD598E59CF}.Release|Any CPU.ActiveCfg = Release|Any CPU
		{8BFB0F8C-C301-49F7-8EF1-26AD598E59CF}.Release|Any CPU.Build.0 = Release|Any CPU
		{AC568E16-A47B-48C1-955C-8F9314599639}.Debug|Any CPU.ActiveCfg = Debug|Any CPU
		{AC568E16-A47B-48C1-955C-8F9314599639}.Debug|Any CPU.Build.0 = Debug|Any CPU
		{AC568E16-A47B-48C1-955C-8F9314599639}.Release|Any CPU.ActiveCfg = Release|Any CPU
		{AC568E16-A47B-48C1-955C-8F9314599639}.Release|Any CPU.Build.0 = Release|Any CPU
		{AC7255D5-6A21-4B73-8F55-4FA5CA41019C}.Debug|Any CPU.ActiveCfg = Debug|Any CPU
		{AC7255D5-6A21-4B73-8F55-4FA5CA41019C}.Debug|Any CPU.Build.0 = Debug|Any CPU
		{AC7255D5-6A21-4B73-8F55-4FA5CA41019C}.Release|Any CPU.ActiveCfg = Release|Any CPU
		{AC7255D5-6A21-4B73-8F55-4FA5CA41019C}.Release|Any CPU.Build.0 = Release|Any CPU
		{4E6A13B4-23C5-498C-91A1-A838CCCB9C1A}.Debug|Any CPU.ActiveCfg = Debug|Any CPU
		{4E6A13B4-23C5-498C-91A1-A838CCCB9C1A}.Debug|Any CPU.Build.0 = Debug|Any CPU
		{4E6A13B4-23C5-498C-91A1-A838CCCB9C1A}.Release|Any CPU.ActiveCfg = Release|Any CPU
		{4E6A13B4-23C5-498C-91A1-A838CCCB9C1A}.Release|Any CPU.Build.0 = Release|Any CPU
		{A2F9C097-F992-4C49-8248-E75863A89B4C}.Debug|Any CPU.ActiveCfg = Debug|Any CPU
		{A2F9C097-F992-4C49-8248-E75863A89B4C}.Debug|Any CPU.Build.0 = Debug|Any CPU
		{A2F9C097-F992-4C49-8248-E75863A89B4C}.Debug|Any CPU.Deploy.0 = Debug|Any CPU
		{A2F9C097-F992-4C49-8248-E75863A89B4C}.Release|Any CPU.ActiveCfg = Release|Any CPU
		{A2F9C097-F992-4C49-8248-E75863A89B4C}.Release|Any CPU.Build.0 = Release|Any CPU
		{A2F9C097-F992-4C49-8248-E75863A89B4C}.Release|Any CPU.Deploy.0 = Release|Any CPU
	EndGlobalSection
	GlobalSection(SolutionProperties) = preSolution
		HideSolutionNode = FALSE
	EndGlobalSection
	GlobalSection(NestedProjects) = preSolution
		{22F99D93-B801-42FD-9024-A7C626ADD7CC} = {435FD26B-C41A-44BE-85A2-72A1A5BD1410}
		{6C77D370-D00D-4BFB-AACE-E5363BA14BE9} = {350DF143-1DC2-42DE-A39E-725634242FCE}
		{8BFB0F8C-C301-49F7-8EF1-26AD598E59CF} = {030E3B4C-BD7A-4AB2-A7CA-5AE25AA11E54}
		{AC568E16-A47B-48C1-955C-8F9314599639} = {350DF143-1DC2-42DE-A39E-725634242FCE}
		{AC7255D5-6A21-4B73-8F55-4FA5CA41019C} = {435FD26B-C41A-44BE-85A2-72A1A5BD1410}
		{4E6A13B4-23C5-498C-91A1-A838CCCB9C1A} = {533D95FF-11C0-4D8E-A0F5-471554A56019}
		{A2F9C097-F992-4C49-8248-E75863A89B4C} = {435FD26B-C41A-44BE-85A2-72A1A5BD1410}
	EndGlobalSection
	GlobalSection(ExtensibilityGlobals) = postSolution
		SolutionGuid = {42BDB398-B469-4DBF-BC12-6F17EE33C24C}
	EndGlobalSection
EndGlobal
